
Microsoft Visual Studio Solution File, Format Version 12.00
# Visual Studio Version 16
VisualStudioVersion = 16.0.30804.86
MinimumVisualStudioVersion = 10.0.40219.1
Project("{FAE04EC0-301F-11D3-BF4B-00C04F79EFBC}") = "ApiAutomationTest", "ApiAutomationTest\ApiAutomationTest.csproj", "{2F288F37-B0BF-4B54-95A0-0566B2DA77B8}"
EndProject
Global
	GlobalSection(SolutionConfigurationPlatforms) = preSolution
		Debug|Any CPU = Debug|Any CPU
		Release|Any CPU = Release|Any CPU
	EndGlobalSection
	GlobalSection(ProjectConfigurationPlatforms) = postSolution
		{2F288F37-B0BF-4B54-95A0-0566B2DA77B8}.Debug|Any CPU.ActiveCfg = Debug|Any CPU
		{2F288F37-B0BF-4B54-95A0-0566B2DA77B8}.Debug|Any CPU.Build.0 = Debug|Any CPU
		{2F288F37-B0BF-4B54-95A0-0566B2DA77B8}.Release|Any CPU.ActiveCfg = Release|Any CPU
		{2F288F37-B0BF-4B54-95A0-0566B2DA77B8}.Release|Any CPU.Build.0 = Release|Any CPU
	EndGlobalSection
	GlobalSection(SolutionProperties) = preSolution
		HideSolutionNode = FALSE
	EndGlobalSection
	GlobalSection(ExtensibilityGlobals) = postSolution
		SolutionGuid = {AB74E38B-82D4-4E71-9EE9-5873FFA2C2EB}
	EndGlobalSection
EndGlobal
